// !$*UTF8*$!
{
	archiveVersion = 1;
	classes = {
	};
	objectVersion = 50;
	objects = {

/* Begin PBXBuildFile section */
		908852E32408803400DD188C /* AppDelegate.swift in Sources */ = {isa = PBXBuildFile; fileRef = 908852E22408803400DD188C /* AppDelegate.swift */; };
		908852E52408803400DD188C /* SceneDelegate.swift in Sources */ = {isa = PBXBuildFile; fileRef = 908852E42408803400DD188C /* SceneDelegate.swift */; };
		908852E72408803400DD188C /* ViewController.swift in Sources */ = {isa = PBXBuildFile; fileRef = 908852E62408803400DD188C /* ViewController.swift */; };
		908852EA2408803400DD188C /* Main.storyboard in Resources */ = {isa = PBXBuildFile; fileRef = 908852E82408803400DD188C /* Main.storyboard */; };
		908852EC2408803500DD188C /* Assets.xcassets in Resources */ = {isa = PBXBuildFile; fileRef = 908852EB2408803500DD188C /* Assets.xcassets */; };
		908852EF2408803500DD188C /* LaunchScreen.storyboard in Resources */ = {isa = PBXBuildFile; fileRef = 908852ED2408803500DD188C /* LaunchScreen.storyboard */; };
		908852F92408815B00DD188C /* MiniRemindersDataModel.swift in Sources */ = {isa = PBXBuildFile; fileRef = 908852F82408815B00DD188C /* MiniRemindersDataModel.swift */; };
		90F1EC36240F1CC500C58160 /* ReminderTableViewCell.swift in Sources */ = {isa = PBXBuildFile; fileRef = 90F1EC35240F1CC500C58160 /* ReminderTableViewCell.swift */; };
		90F1EC38240F1F0D00C58160 /* RemindersTableViewController.swift in Sources */ = {isa = PBXBuildFile; fileRef = 90F1EC37240F1F0D00C58160 /* RemindersTableViewController.swift */; };
/* End PBXBuildFile section */

/* Begin PBXFileReference section */
		908852DF2408803400DD188C /* MiniReminders.app */ = {isa = PBXFileReference; explicitFileType = wrapper.application; includeInIndex = 0; path = MiniReminders.app; sourceTree = BUILT_PRODUCTS_DIR; };
		908852E22408803400DD188C /* AppDelegate.swift */ = {isa = PBXFileReference; lastKnownFileType = sourcecode.swift; path = AppDelegate.swift; sourceTree = "<group>"; };
		908852E42408803400DD188C /* SceneDelegate.swift */ = {isa = PBXFileReference; lastKnownFileType = sourcecode.swift; path = SceneDelegate.swift; sourceTree = "<group>"; };
		908852E62408803400DD188C /* ViewController.swift */ = {isa = PBXFileReference; lastKnownFileType = sourcecode.swift; path = ViewController.swift; sourceTree = "<group>"; };
		908852E92408803400DD188C /* Base */ = {isa = PBXFileReference; lastKnownFileType = file.storyboard; name = Base; path = Base.lproj/Main.storyboard; sourceTree = "<group>"; };
		908852EB2408803500DD188C /* Assets.xcassets */ = {isa = PBXFileReference; lastKnownFileType = folder.assetcatalog; path = Assets.xcassets; sourceTree = "<group>"; };
		908852EE2408803500DD188C /* Base */ = {isa = PBXFileReference; lastKnownFileType = file.storyboard; name = Base; path = Base.lproj/LaunchScreen.storyboard; sourceTree = "<group>"; };
		908852F02408803500DD188C /* Info.plist */ = {isa = PBXFileReference; lastKnownFileType = text.plist.xml; path = Info.plist; sourceTree = "<group>"; };
		908852F82408815B00DD188C /* MiniRemindersDataModel.swift */ = {isa = PBXFileReference; lastKnownFileType = sourcecode.swift; path = MiniRemindersDataModel.swift; sourceTree = "<group>"; };
		90F1EC35240F1CC500C58160 /* ReminderTableViewCell.swift */ = {isa = PBXFileReference; lastKnownFileType = sourcecode.swift; path = ReminderTableViewCell.swift; sourceTree = "<group>"; };
		90F1EC37240F1F0D00C58160 /* RemindersTableViewController.swift */ = {isa = PBXFileReference; lastKnownFileType = sourcecode.swift; path = RemindersTableViewController.swift; sourceTree = "<group>"; };
/* End PBXFileReference section */

/* Begin PBXFrameworksBuildPhase section */
		908852DC2408803400DD188C /* Frameworks */ = {
			isa = PBXFrameworksBuildPhase;
			buildActionMask = 2147483647;
			files = (
			);
			runOnlyForDeploymentPostprocessing = 0;
		};
/* End PBXFrameworksBuildPhase section */

/* Begin PBXGroup section */
		908852D62408803400DD188C = {
			isa = PBXGroup;
			children = (
				908852E12408803400DD188C /* MiniReminders */,
				908852E02408803400DD188C /* Products */,
			);
			sourceTree = "<group>";
		};
		908852E02408803400DD188C /* Products */ = {
			isa = PBXGroup;
			children = (
				908852DF2408803400DD188C /* MiniReminders.app */,
			);
			name = Products;
			sourceTree = "<group>";
		};
		908852E12408803400DD188C /* MiniReminders */ = {
			isa = PBXGroup;
			children = (
				908852E22408803400DD188C /* AppDelegate.swift */,
				908852E42408803400DD188C /* SceneDelegate.swift */,
				908852E62408803400DD188C /* ViewController.swift */,
				908852E82408803400DD188C /* Main.storyboard */,
				90F1EC35240F1CC500C58160 /* ReminderTableViewCell.swift */,
				90F1EC37240F1F0D00C58160 /* RemindersTableViewController.swift */,
				908852F82408815B00DD188C /* MiniRemindersDataModel.swift */,
				908852EB2408803500DD188C /* Assets.xcassets */,
				908852ED2408803500DD188C /* LaunchScreen.storyboard */,
				908852F02408803500DD188C /* Info.plist */,
			);
			path = MiniReminders;
			sourceTree = "<group>";
		};
/* End PBXGroup section */

/* Begin PBXNativeTarget section */
		908852DE2408803400DD188C /* MiniReminders */ = {
			isa = PBXNativeTarget;
			buildConfigurationList = 908852F32408803500DD188C /* Build configuration list for PBXNativeTarget "MiniReminders" */;
			buildPhases = (
				908852DB2408803400DD188C /* Sources */,
				908852DC2408803400DD188C /* Frameworks */,
				908852DD2408803400DD188C /* Resources */,
			);
			buildRules = (
			);
			dependencies = (
			);
			name = MiniReminders;
			productName = MiniReminders;
			productReference = 908852DF2408803400DD188C /* MiniReminders.app */;
			productType = "com.apple.product-type.application";
		};
/* End PBXNativeTarget section */

/* Begin PBXProject section */
		908852D72408803400DD188C /* Project object */ = {
			isa = PBXProject;
			attributes = {
				LastSwiftUpdateCheck = 1130;
				LastUpgradeCheck = 1130;
				ORGANIZATIONNAME = "C323 / Spring 2020";
				TargetAttributes = {
					908852DE2408803400DD188C = {
						CreatedOnToolsVersion = 11.3.1;
					};
				};
			};
			buildConfigurationList = 908852DA2408803400DD188C /* Build configuration list for PBXProject "MiniReminders" */;
			compatibilityVersion = "Xcode 9.3";
			developmentRegion = en;
			hasScannedForEncodings = 0;
			knownRegions = (
				en,
				Base,
			);
			mainGroup = 908852D62408803400DD188C;
			productRefGroup = 908852E02408803400DD188C /* Products */;
			projectDirPath = "";
			projectRoot = "";
			targets = (
				908852DE2408803400DD188C /* MiniReminders */,
			);
		};
/* End PBXProject section */

/* Begin PBXResourcesBuildPhase section */
		908852DD2408803400DD188C /* Resources */ = {
			isa = PBXResourcesBuildPhase;
			buildActionMask = 2147483647;
			files = (
				908852EF2408803500DD188C /* LaunchScreen.storyboard in Resources */,
				908852EC2408803500DD188C /* Assets.xcassets in Resources */,
				908852EA2408803400DD188C /* Main.storyboard in Resources */,
			);
			runOnlyForDeploymentPostprocessing = 0;
		};
/* End PBXResourcesBuildPhase section */

/* Begin PBXSourcesBuildPhase section */
		908852DB2408803400DD188C /* Sources */ = {
			isa = PBXSourcesBuildPhase;
			buildActionMask = 2147483647;
			files = (
				908852F92408815B00DD188C /* MiniRemindersDataModel.swift in Sources */,
				90F1EC38240F1F0D00C58160 /* RemindersTableViewController.swift in Sources */,
				908852E72408803400DD188C /* ViewController.swift in Sources */,
				908852E32408803400DD188C /* AppDelegate.swift in Sources */,
				908852E52408803400DD188C /* SceneDelegate.swift in Sources */,
				90F1EC36240F1CC500C58160 /* ReminderTableViewCell.swift in Sources */,
			);
			runOnlyForDeploymentPostprocessing = 0;
		};
/* End PBXSourcesBuildPhase section */

/* Begin PBXVariantGroup section */
		908852E82408803400DD188C /* Main.storyboard */ = {
			isa = PBXVariantGroup;
			children = (
				908852E92408803400DD188C /* Base */,
			);
			name = Main.storyboard;
			sourceTree = "<group>";
		};
		908852ED2408803500DD188C /* LaunchScreen.storyboard */ = {
			isa = PBXVariantGroup;
			children = (
				908852EE2408803500DD188C /* Base */,
			);
			name = LaunchScreen.storyboard;
			sourceTree = "<group>";
		};
/* End PBXVariantGroup section */

/* Begin XCBuildConfiguration section */
		908852F12408803500DD188C /* Debug */ = {
			isa = XCBuildConfiguration;
			buildSettings = {
				ALWAYS_SEARCH_USER_PATHS = NO;
				CLANG_ANALYZER_NONNULL = YES;
				CLANG_ANALYZER_NUMBER_OBJECT_CONVERSION = YES_AGGRESSIVE;
				CLANG_CXX_LANGUAGE_STANDARD = "gnu++14";
				CLANG_CXX_LIBRARY = "libc++";
				CLANG_ENABLE_MODULES = YES;
				CLANG_ENABLE_OBJC_ARC = YES;
				CLANG_ENABLE_OBJC_WEAK = YES;
				CLANG_WARN_BLOCK_CAPTURE_AUTORELEASING = YES;
				CLANG_WARN_BOOL_CONVERSION = YES;
				CLANG_WARN_COMMA = YES;
				CLANG_WARN_CONSTANT_CONVERSION = YES;
				CLANG_WARN_DEPRECATED_OBJC_IMPLEMENTATIONS = YES;
				CLANG_WARN_DIRECT_OBJC_ISA_USAGE = YES_ERROR;
				CLANG_WARN_DOCUMENTATION_COMMENTS = YES;
				CLANG_WARN_EMPTY_BODY = YES;
				CLANG_WARN_ENUM_CONVERSION = YES;
				CLANG_WARN_INFINITE_RECURSION = YES;
				CLANG_WARN_INT_CONVERSION = YES;
				CLANG_WARN_NON_LITERAL_NULL_CONVERSION = YES;
				CLANG_WARN_OBJC_IMPLICIT_RETAIN_SELF = YES;
				CLANG_WARN_OBJC_LITERAL_CONVERSION = YES;
				CLANG_WARN_OBJC_ROOT_CLASS = YES_ERROR;
				CLANG_WARN_RANGE_LOOP_ANALYSIS = YES;
				CLANG_WARN_STRICT_PROTOTYPES = YES;
				CLANG_WARN_SUSPICIOUS_MOVE = YES;
				CLANG_WARN_UNGUARDED_AVAILABILITY = YES_AGGRESSIVE;
				CLANG_WARN_UNREACHABLE_CODE = YES;
				CLANG_WARN__DUPLICATE_METHOD_MATCH = YES;
				COPY_PHASE_STRIP = NO;
				DEBUG_INFORMATION_FORMAT = dwarf;
				ENABLE_STRICT_OBJC_MSGSEND = YES;
				ENABLE_TESTABILITY = YES;
				GCC_C_LANGUAGE_STANDARD = gnu11;
				GCC_DYNAMIC_NO_PIC = NO;
				GCC_NO_COMMON_BLOCKS = YES;
				GCC_OPTIMIZATION_LEVEL = 0;
				GCC_PREPROCESSOR_DEFINITIONS = (
					"DEBUG=1",
					"$(inherited)",
				);
				GCC_WARN_64_TO_32_BIT_CONVERSION = YES;
				GCC_WARN_ABOUT_RETURN_TYPE = YES_ERROR;
				GCC_WARN_UNDECLARED_SELECTOR = YES;
				GCC_WARN_UNINITIALIZED_AUTOS = YES_AGGRESSIVE;
				GCC_WARN_UNUSED_FUNCTION = YES;
				GCC_WARN_UNUSED_VARIABLE = YES;
				IPHONEOS_DEPLOYMENT_TARGET = 13.2;
				MTL_ENABLE_DEBUG_INFO = INCLUDE_SOURCE;
				MTL_FAST_MATH = YES;
				ONLY_ACTIVE_ARCH = YES;
				SDKROOT = iphoneos;
				SWIFT_ACTIVE_COMPILATION_CONDITIONS = DEBUG;
				SWIFT_OPTIMIZATION_LEVEL = "-Onone";
			};
			name = Debug;
		};
		908852F22408803500DD188C /* Release */ = {
			isa = XCBuildConfiguration;
			buildSettings = {
				ALWAYS_SEARCH_USER_PATHS = NO;
				CLANG_ANALYZER_NONNULL = YES;
				CLANG_ANALYZER_NUMBER_OBJECT_CONVERSION = YES_AGGRESSIVE;
				CLANG_CXX_LANGUAGE_STANDARD = "gnu++14";
				CLANG_CXX_LIBRARY = "libc++";
				CLANG_ENABLE_MODULES = YES;
				CLANG_ENABLE_OBJC_ARC = YES;
				CLANG_ENABLE_OBJC_WEAK = YES;
				CLANG_WARN_BLOCK_CAPTURE_AUTORELEASING = YES;
				CLANG_WARN_BOOL_CONVERSION = YES;
				CLANG_WARN_COMMA = YES;
				CLANG_WARN_CONSTANT_CONVERSION = YES;
				CLANG_WARN_DEPRECATED_OBJC_IMPLEMENTATIONS = YES;
				CLANG_WARN_DIRECT_OBJC_ISA_USAGE = YES_ERROR;
				CLANG_WARN_DOCUMENTATION_COMMENTS = YES;
				CLANG_WARN_EMPTY_BODY = YES;
				CLANG_WARN_ENUM_CONVERSION = YES;
				CLANG_WARN_INFINITE_RECURSION = YES;
				CLANG_WARN_INT_CONVERSION = YES;
				CLANG_WARN_NON_LITERAL_NULL_CONVERSION = YES;
				CLANG_WARN_OBJC_IMPLICIT_RETAIN_SELF = YES;
				CLANG_WARN_OBJC_LITERAL_CONVERSION = YES;
				CLANG_WARN_OBJC_ROOT_CLASS = YES_ERROR;
				CLANG_WARN_RANGE_LOOP_ANALYSIS = YES;
				CLANG_WARN_STRICT_PROTOTYPES = YES;
				CLANG_WARN_SUSPICIOUS_MOVE = YES;
				CLANG_WARN_UNGUARDED_AVAILABILITY = YES_AGGRESSIVE;
				CLANG_WARN_UNREACHABLE_CODE = YES;
				CLANG_WARN__DUPLICATE_METHOD_MATCH = YES;
				COPY_PHASE_STRIP = NO;
				DEBUG_INFORMATION_FORMAT = "dwarf-with-dsym";
				ENABLE_NS_ASSERTIONS = NO;
				ENABLE_STRICT_OBJC_MSGSEND = YES;
				GCC_C_LANGUAGE_STANDARD = gnu11;
				GCC_NO_COMMON_BLOCKS = YES;
				GCC_WARN_64_TO_32_BIT_CONVERSION = YES;
				GCC_WARN_ABOUT_RETURN_TYPE = YES_ERROR;
				GCC_WARN_UNDECLARED_SELECTOR = YES;
				GCC_WARN_UNINITIALIZED_AUTOS = YES_AGGRESSIVE;
				GCC_WARN_UNUSED_FUNCTION = YES;
				GCC_WARN_UNUSED_VARIABLE = YES;
				IPHONEOS_DEPLOYMENT_TARGET = 13.2;
				MTL_ENABLE_DEBUG_INFO = NO;
				MTL_FAST_MATH = YES;
				SDKROOT = iphoneos;
				SWIFT_COMPILATION_MODE = wholemodule;
				SWIFT_OPTIMIZATION_LEVEL = "-O";
				VALIDATE_PRODUCT = YES;
			};
			name = Release;
		};
		908852F42408803500DD188C /* Debug */ = {
			isa = XCBuildConfiguration;
			buildSettings = {
				ASSETCATALOG_COMPILER_APPICON_NAME = AppIcon;
				CODE_SIGN_STYLE = Automatic;
				INFOPLIST_FILE = MiniReminders/Info.plist;
				LD_RUNPATH_SEARCH_PATHS = (
					"$(inherited)",
					"@executable_path/Frameworks",
				);
				PRODUCT_BUNDLE_IDENTIFIER = "edu.indiana.cs.c323-yiwzhu.MiniReminders";
				PRODUCT_NAME = "$(TARGET_NAME)";
				SWIFT_VERSION = 5.0;
				TARGETED_DEVICE_FAMILY = "1,2";
			};
			name = Debug;
		};
		908852F52408803500DD188C /* Release */ = {
			isa = XCBuildConfiguration;
			buildSettings = {
				ASSETCATALOG_COMPILER_APPICON_NAME = AppIcon;
				CODE_SIGN_STYLE = Automatic;
				INFOPLIST_FILE = MiniReminders/Info.plist;
				LD_RUNPATH_SEARCH_PATHS = (
					"$(inherited)",
					"@executable_path/Frameworks",
				);
				PRODUCT_BUNDLE_IDENTIFIER = "edu.indiana.cs.c323-yiwzhu.MiniReminders";
				PRODUCT_NAME = "$(TARGET_NAME)";
				SWIFT_VERSION = 5.0;
				TARGETED_DEVICE_FAMILY = "1,2";
			};
			name = Release;
		};
/* End XCBuildConfiguration section */

/* Begin XCConfigurationList section */
		908852DA2408803400DD188C /* Build configuration list for PBXProject "MiniReminders" */ = {
			isa = XCConfigurationList;
			buildConfigurations = (
				908852F12408803500DD188C /* Debug */,
				908852F22408803500DD188C /* Release */,
			);
			defaultConfigurationIsVisible = 0;
			defaultConfigurationName = Release;
		};
		908852F32408803500DD188C /* Build configuration list for PBXNativeTarget "MiniReminders" */ = {
			isa = XCConfigurationList;
			buildConfigurations = (
				908852F42408803500DD188C /* Debug */,
				908852F52408803500DD188C /* Release */,
			);
			defaultConfigurationIsVisible = 0;
			defaultConfigurationName = Release;
		};
/* End XCConfigurationList section */
	};
	rootObject = 908852D72408803400DD188C /* Project object */;
}
